
Microsoft Visual Studio Solution File, Format Version 12.00
# Visual Studio Version 16
VisualStudioVersion = 16.0.30907.101
MinimumVisualStudioVersion = 10.0.40219.1
Project("{FAE04EC0-301F-11D3-BF4B-00C04F79EFBC}") = "WindowsFormsControlLibrary2", "WindowsFormsControlLibrary2\WindowsFormsControlLibrary2.csproj", "{39635CD2-22C2-4279-BF42-BA0C85921F9B}"
EndProject
Global
	GlobalSection(SolutionConfigurationPlatforms) = preSolution
		Debug|Any CPU = Debug|Any CPU
		Release|Any CPU = Release|Any CPU
	EndGlobalSection
	GlobalSection(ProjectConfigurationPlatforms) = postSolution
		{39635CD2-22C2-4279-BF42-BA0C85921F9B}.Debug|Any CPU.ActiveCfg = Debug|Any CPU
		{39635CD2-22C2-4279-BF42-BA0C85921F9B}.Debug|Any CPU.Build.0 = Debug|Any CPU
		{39635CD2-22C2-4279-BF42-BA0C85921F9B}.Release|Any CPU.ActiveCfg = Release|Any CPU
		{39635CD2-22C2-4279-BF42-BA0C85921F9B}.Release|Any CPU.Build.0 = Release|Any CPU
	EndGlobalSection
	GlobalSection(SolutionProperties) = preSolution
		HideSolutionNode = FALSE
	EndGlobalSection
	GlobalSection(ExtensibilityGlobals) = postSolution
		SolutionGuid = {8F1019A5-5ED7-4899-B5A3-BF1AD55B19D9}
	EndGlobalSection
EndGlobal
